
Microsoft Visual Studio Solution File, Format Version 12.00
# Visual Studio Version 17
VisualStudioVersion = 17.10.34605.46
MinimumVisualStudioVersion = 10.0.40219.1
Project("{FAE04EC0-301F-11D3-BF4B-00C04F79EFBC}") = "ColorTypeConverterRepro", "ColorTypeConverterRepro.csproj", "{A7A8AC56-2D48-4E6E-AA03-506006C6C2C7}"
EndProject
Global
	GlobalSection(SolutionConfigurationPlatforms) = preSolution
		Debug|Any CPU = Debug|Any CPU
		Release|Any CPU = Release|Any CPU
	EndGlobalSection
	GlobalSection(ProjectConfigurationPlatforms) = postSolution
		{A7A8AC56-2D48-4E6E-AA03-506006C6C2C7}.Debug|Any CPU.ActiveCfg = Debug|Any CPU
		{A7A8AC56-2D48-4E6E-AA03-506006C6C2C7}.Debug|Any CPU.Build.0 = Debug|Any CPU
		{A7A8AC56-2D48-4E6E-AA03-506006C6C2C7}.Debug|Any CPU.Deploy.0 = Debug|Any CPU
		{A7A8AC56-2D48-4E6E-AA03-506006C6C2C7}.Release|Any CPU.ActiveCfg = Release|Any CPU
		{A7A8AC56-2D48-4E6E-AA03-506006C6C2C7}.Release|Any CPU.Build.0 = Release|Any CPU
		{A7A8AC56-2D48-4E6E-AA03-506006C6C2C7}.Release|Any CPU.Deploy.0 = Release|Any CPU
	EndGlobalSection
	GlobalSection(SolutionProperties) = preSolution
		HideSolutionNode = FALSE
	EndGlobalSection
	GlobalSection(ExtensibilityGlobals) = postSolution
		SolutionGuid = {B898248A-4EA7-4604-8FDE-50CEAD0C538E}
	EndGlobalSection
EndGlobal
